// !$*UTF8*$!
{
	archiveVersion = 1;
	classes = {
	};
	objectVersion = 52;
	objects = {

/* Begin PBXBuildFile section */
		4A4B590B25926BD800E466FB /* RxCocoa in Frameworks */ = {isa = PBXBuildFile; productRef = 4A4B590A25926BD800E466FB /* RxCocoa */; };
		4A4B590D25926BD800E466FB /* RxRelay in Frameworks */ = {isa = PBXBuildFile; productRef = 4A4B590C25926BD800E466FB /* RxRelay */; };
		4A4B590F25926BD800E466FB /* RxSwift in Frameworks */ = {isa = PBXBuildFile; productRef = 4A4B590E25926BD800E466FB /* RxSwift */; };
		4A78EE62259ADC9800EBA3CA /* EventEditor.storyboard in Resources */ = {isa = PBXBuildFile; fileRef = 4A78EE61259ADC9800EBA3CA /* EventEditor.storyboard */; };
		4A78EE65259AE55100EBA3CA /* EventEditorViewController.swift in Sources */ = {isa = PBXBuildFile; fileRef = 4A78EE64259AE55100EBA3CA /* EventEditorViewController.swift */; };
		4A7A7D5E255F34FA00F63B4F /* AppDelegate.swift in Sources */ = {isa = PBXBuildFile; fileRef = 4A7A7D5D255F34FA00F63B4F /* AppDelegate.swift */; };
		4A7A7D60255F34FA00F63B4F /* ViewController.swift in Sources */ = {isa = PBXBuildFile; fileRef = 4A7A7D5F255F34FA00F63B4F /* ViewController.swift */; };
		4A7A7D62255F34FE00F63B4F /* Assets.xcassets in Resources */ = {isa = PBXBuildFile; fileRef = 4A7A7D61255F34FE00F63B4F /* Assets.xcassets */; };
		4A7A7D65255F34FE00F63B4F /* Main.storyboard in Resources */ = {isa = PBXBuildFile; fileRef = 4A7A7D63255F34FE00F63B4F /* Main.storyboard */; };
		4A7A7D72255F376E00F63B4F /* Event.swift in Sources */ = {isa = PBXBuildFile; fileRef = 4A7A7D71255F376E00F63B4F /* Event.swift */; };
		4A7A7D75255F378E00F63B4F /* EventTableCellView.swift in Sources */ = {isa = PBXBuildFile; fileRef = 4A7A7D74255F378E00F63B4F /* EventTableCellView.swift */; };
		4A7A7D7B255F385100F63B4F /* EventTableCellView.xib in Resources */ = {isa = PBXBuildFile; fileRef = 4A7A7D7A255F385100F63B4F /* EventTableCellView.xib */; };
		4A7A7D7E255F42D900F63B4F /* DataManager.swift in Sources */ = {isa = PBXBuildFile; fileRef = 4A7A7D7D255F42D800F63B4F /* DataManager.swift */; };
		4ACC947B2599AB25000ED433 /* WindowController.swift in Sources */ = {isa = PBXBuildFile; fileRef = 4ACC947A2599AB25000ED433 /* WindowController.swift */; };
/* End PBXBuildFile section */

/* Begin PBXFileReference section */
		4A78EE61259ADC9800EBA3CA /* EventEditor.storyboard */ = {isa = PBXFileReference; lastKnownFileType = file.storyboard; path = EventEditor.storyboard; sourceTree = "<group>"; };
		4A78EE64259AE55100EBA3CA /* EventEditorViewController.swift */ = {isa = PBXFileReference; lastKnownFileType = sourcecode.swift; path = EventEditorViewController.swift; sourceTree = "<group>"; };
		4A7A7D5A255F34FA00F63B4F /* Nyoom.app */ = {isa = PBXFileReference; explicitFileType = wrapper.application; includeInIndex = 0; path = Nyoom.app; sourceTree = BUILT_PRODUCTS_DIR; };
		4A7A7D5D255F34FA00F63B4F /* AppDelegate.swift */ = {isa = PBXFileReference; lastKnownFileType = sourcecode.swift; path = AppDelegate.swift; sourceTree = "<group>"; };
		4A7A7D5F255F34FA00F63B4F /* ViewController.swift */ = {isa = PBXFileReference; lastKnownFileType = sourcecode.swift; path = ViewController.swift; sourceTree = "<group>"; };
		4A7A7D61255F34FE00F63B4F /* Assets.xcassets */ = {isa = PBXFileReference; lastKnownFileType = folder.assetcatalog; path = Assets.xcassets; sourceTree = "<group>"; };
		4A7A7D64255F34FE00F63B4F /* Base */ = {isa = PBXFileReference; lastKnownFileType = file.storyboard; name = Base; path = Base.lproj/Main.storyboard; sourceTree = "<group>"; };
		4A7A7D66255F34FE00F63B4F /* Info.plist */ = {isa = PBXFileReference; lastKnownFileType = text.plist.xml; path = Info.plist; sourceTree = "<group>"; };
		4A7A7D67255F34FE00F63B4F /* Nyoom.entitlements */ = {isa = PBXFileReference; lastKnownFileType = text.plist.entitlements; path = Nyoom.entitlements; sourceTree = "<group>"; };
		4A7A7D71255F376E00F63B4F /* Event.swift */ = {isa = PBXFileReference; lastKnownFileType = sourcecode.swift; path = Event.swift; sourceTree = "<group>"; };
		4A7A7D74255F378E00F63B4F /* EventTableCellView.swift */ = {isa = PBXFileReference; lastKnownFileType = sourcecode.swift; path = EventTableCellView.swift; sourceTree = "<group>"; };
		4A7A7D7A255F385100F63B4F /* EventTableCellView.xib */ = {isa = PBXFileReference; lastKnownFileType = file.xib; path = EventTableCellView.xib; sourceTree = "<group>"; };
		4A7A7D7D255F42D800F63B4F /* DataManager.swift */ = {isa = PBXFileReference; lastKnownFileType = sourcecode.swift; path = DataManager.swift; sourceTree = "<group>"; };
		4ACC947A2599AB25000ED433 /* WindowController.swift */ = {isa = PBXFileReference; lastKnownFileType = sourcecode.swift; path = WindowController.swift; sourceTree = "<group>"; };
/* End PBXFileReference section */

/* Begin PBXFrameworksBuildPhase section */
		4A7A7D57255F34FA00F63B4F /* Frameworks */ = {
			isa = PBXFrameworksBuildPhase;
			buildActionMask = 2147483647;
			files = (
				4A4B590D25926BD800E466FB /* RxRelay in Frameworks */,
				4A4B590B25926BD800E466FB /* RxCocoa in Frameworks */,
				4A4B590F25926BD800E466FB /* RxSwift in Frameworks */,
			);
			runOnlyForDeploymentPostprocessing = 0;
		};
/* End PBXFrameworksBuildPhase section */

/* Begin PBXGroup section */
		4A4B590725926BD800E466FB /* Frameworks */ = {
			isa = PBXGroup;
			children = (
			);
			name = Frameworks;
			sourceTree = "<group>";
		};
		4A7A7D51255F34FA00F63B4F = {
			isa = PBXGroup;
			children = (
				4A7A7D77255F37B000F63B4F /* Nyoom - Shared */,
				4A7A7D5C255F34FA00F63B4F /* Nyoom */,
				4A7A7D5B255F34FA00F63B4F /* Products */,
				4A4B590725926BD800E466FB /* Frameworks */,
			);
			sourceTree = "<group>";
		};
		4A7A7D5B255F34FA00F63B4F /* Products */ = {
			isa = PBXGroup;
			children = (
				4A7A7D5A255F34FA00F63B4F /* Nyoom.app */,
			);
			name = Products;
			sourceTree = "<group>";
		};
		4A7A7D5C255F34FA00F63B4F /* Nyoom */ = {
			isa = PBXGroup;
			children = (
				4A7A7D5D255F34FA00F63B4F /* AppDelegate.swift */,
				4ACC947A2599AB25000ED433 /* WindowController.swift */,
				4A7A7D5F255F34FA00F63B4F /* ViewController.swift */,
				4A7A7D61255F34FE00F63B4F /* Assets.xcassets */,
				4A7A7D63255F34FE00F63B4F /* Main.storyboard */,
				4A7A7D66255F34FE00F63B4F /* Info.plist */,
				4A7A7D67255F34FE00F63B4F /* Nyoom.entitlements */,
				4A7A7D6F255F373000F63B4F /* Views */,
			);
			path = Nyoom;
			sourceTree = "<group>";
		};
		4A7A7D6F255F373000F63B4F /* Views */ = {
			isa = PBXGroup;
			children = (
				4A7A7D74255F378E00F63B4F /* EventTableCellView.swift */,
				4A78EE64259AE55100EBA3CA /* EventEditorViewController.swift */,
				4A78EE61259ADC9800EBA3CA /* EventEditor.storyboard */,
				4A7A7D7A255F385100F63B4F /* EventTableCellView.xib */,
			);
			path = Views;
			sourceTree = "<group>";
		};
		4A7A7D70255F375F00F63B4F /* Models */ = {
			isa = PBXGroup;
			children = (
				4A7A7D71255F376E00F63B4F /* Event.swift */,
			);
			path = Models;
			sourceTree = "<group>";
		};
		4A7A7D77255F37B000F63B4F /* Nyoom - Shared */ = {
			isa = PBXGroup;
			children = (
				4A7A7D70255F375F00F63B4F /* Models */,
				4A7A7D7D255F42D800F63B4F /* DataManager.swift */,
			);
			path = "Nyoom - Shared";
			sourceTree = "<group>";
		};
/* End PBXGroup section */

/* Begin PBXNativeTarget section */
		4A7A7D59255F34FA00F63B4F /* Nyoom */ = {
			isa = PBXNativeTarget;
			buildConfigurationList = 4A7A7D6A255F34FE00F63B4F /* Build configuration list for PBXNativeTarget "Nyoom" */;
			buildPhases = (
				4A7A7D56255F34FA00F63B4F /* Sources */,
				4A7A7D57255F34FA00F63B4F /* Frameworks */,
				4A7A7D58255F34FA00F63B4F /* Resources */,
			);
			buildRules = (
			);
			dependencies = (
				4A4B5912259270C100E466FB /* PBXTargetDependency */,
				4A4B5914259270C100E466FB /* PBXTargetDependency */,
				4A4B5916259270C100E466FB /* PBXTargetDependency */,
			);
			name = Nyoom;
			packageProductDependencies = (
				4A4B590A25926BD800E466FB /* RxCocoa */,
				4A4B590C25926BD800E466FB /* RxRelay */,
				4A4B590E25926BD800E466FB /* RxSwift */,
			);
			productName = Nyoom;
			productReference = 4A7A7D5A255F34FA00F63B4F /* Nyoom.app */;
			productType = "com.apple.product-type.application";
		};
/* End PBXNativeTarget section */

/* Begin PBXProject section */
		4A7A7D52255F34FA00F63B4F /* Project object */ = {
			isa = PBXProject;
			attributes = {
				LastSwiftUpdateCheck = 1220;
				LastUpgradeCheck = 1230;
				TargetAttributes = {
					4A7A7D59255F34FA00F63B4F = {
						CreatedOnToolsVersion = 12.2;
					};
				};
			};
			buildConfigurationList = 4A7A7D55255F34FA00F63B4F /* Build configuration list for PBXProject "Nyoom" */;
			compatibilityVersion = "Xcode 9.3";
			developmentRegion = en;
			hasScannedForEncodings = 0;
			knownRegions = (
				en,
				Base,
			);
			mainGroup = 4A7A7D51255F34FA00F63B4F;
			packageReferences = (
				4A4B590525926BBA00E466FB /* XCRemoteSwiftPackageReference "RxSwift" */,
			);
			productRefGroup = 4A7A7D5B255F34FA00F63B4F /* Products */;
			projectDirPath = "";
			projectRoot = "";
			targets = (
				4A7A7D59255F34FA00F63B4F /* Nyoom */,
			);
		};
/* End PBXProject section */

/* Begin PBXResourcesBuildPhase section */
		4A7A7D58255F34FA00F63B4F /* Resources */ = {
			isa = PBXResourcesBuildPhase;
			buildActionMask = 2147483647;
			files = (
				4A7A7D62255F34FE00F63B4F /* Assets.xcassets in Resources */,
				4A7A7D65255F34FE00F63B4F /* Main.storyboard in Resources */,
				4A78EE62259ADC9800EBA3CA /* EventEditor.storyboard in Resources */,
				4A7A7D7B255F385100F63B4F /* EventTableCellView.xib in Resources */,
			);
			runOnlyForDeploymentPostprocessing = 0;
		};
/* End PBXResourcesBuildPhase section */

/* Begin PBXSourcesBuildPhase section */
		4A7A7D56255F34FA00F63B4F /* Sources */ = {
			isa = PBXSourcesBuildPhase;
			buildActionMask = 2147483647;
			files = (
				4A7A7D75255F378E00F63B4F /* EventTableCellView.swift in Sources */,
				4A78EE65259AE55100EBA3CA /* EventEditorViewController.swift in Sources */,
				4ACC947B2599AB25000ED433 /* WindowController.swift in Sources */,
				4A7A7D7E255F42D900F63B4F /* DataManager.swift in Sources */,
				4A7A7D60255F34FA00F63B4F /* ViewController.swift in Sources */,
				4A7A7D72255F376E00F63B4F /* Event.swift in Sources */,
				4A7A7D5E255F34FA00F63B4F /* AppDelegate.swift in Sources */,
			);
			runOnlyForDeploymentPostprocessing = 0;
		};
/* End PBXSourcesBuildPhase section */

/* Begin PBXTargetDependency section */
		4A4B5912259270C100E466FB /* PBXTargetDependency */ = {
			isa = PBXTargetDependency;
			productRef = 4A4B5911259270C100E466FB /* RxCocoa */;
		};
		4A4B5914259270C100E466FB /* PBXTargetDependency */ = {
			isa = PBXTargetDependency;
			productRef = 4A4B5913259270C100E466FB /* RxRelay */;
		};
		4A4B5916259270C100E466FB /* PBXTargetDependency */ = {
			isa = PBXTargetDependency;
			productRef = 4A4B5915259270C100E466FB /* RxSwift */;
		};
/* End PBXTargetDependency section */

/* Begin PBXVariantGroup section */
		4A7A7D63255F34FE00F63B4F /* Main.storyboard */ = {
			isa = PBXVariantGroup;
			children = (
				4A7A7D64255F34FE00F63B4F /* Base */,
			);
			name = Main.storyboard;
			sourceTree = "<group>";
		};
/* End PBXVariantGroup section */

/* Begin XCBuildConfiguration section */
		4A7A7D68255F34FE00F63B4F /* Debug */ = {
			isa = XCBuildConfiguration;
			buildSettings = {
				ALWAYS_SEARCH_USER_PATHS = NO;
				CLANG_ANALYZER_NONNULL = YES;
				CLANG_ANALYZER_NUMBER_OBJECT_CONVERSION = YES_AGGRESSIVE;
				CLANG_CXX_LANGUAGE_STANDARD = "gnu++14";
				CLANG_CXX_LIBRARY = "libc++";
				CLANG_ENABLE_MODULES = YES;
				CLANG_ENABLE_OBJC_ARC = YES;
				CLANG_ENABLE_OBJC_WEAK = YES;
				CLANG_WARN_BLOCK_CAPTURE_AUTORELEASING = YES;
				CLANG_WARN_BOOL_CONVERSION = YES;
				CLANG_WARN_COMMA = YES;
				CLANG_WARN_CONSTANT_CONVERSION = YES;
				CLANG_WARN_DEPRECATED_OBJC_IMPLEMENTATIONS = YES;
				CLANG_WARN_DIRECT_OBJC_ISA_USAGE = YES_ERROR;
				CLANG_WARN_DOCUMENTATION_COMMENTS = YES;
				CLANG_WARN_EMPTY_BODY = YES;
				CLANG_WARN_ENUM_CONVERSION = YES;
				CLANG_WARN_INFINITE_RECURSION = YES;
				CLANG_WARN_INT_CONVERSION = YES;
				CLANG_WARN_NON_LITERAL_NULL_CONVERSION = YES;
				CLANG_WARN_OBJC_IMPLICIT_RETAIN_SELF = YES;
				CLANG_WARN_OBJC_LITERAL_CONVERSION = YES;
				CLANG_WARN_OBJC_ROOT_CLASS = YES_ERROR;
				CLANG_WARN_QUOTED_INCLUDE_IN_FRAMEWORK_HEADER = YES;
				CLANG_WARN_RANGE_LOOP_ANALYSIS = YES;
				CLANG_WARN_STRICT_PROTOTYPES = YES;
				CLANG_WARN_SUSPICIOUS_MOVE = YES;
				CLANG_WARN_UNGUARDED_AVAILABILITY = YES_AGGRESSIVE;
				CLANG_WARN_UNREACHABLE_CODE = YES;
				CLANG_WARN__DUPLICATE_METHOD_MATCH = YES;
				COPY_PHASE_STRIP = NO;
				DEBUG_INFORMATION_FORMAT = dwarf;
				ENABLE_STRICT_OBJC_MSGSEND = YES;
				ENABLE_TESTABILITY = YES;
				GCC_C_LANGUAGE_STANDARD = gnu11;
				GCC_DYNAMIC_NO_PIC = NO;
				GCC_NO_COMMON_BLOCKS = YES;
				GCC_OPTIMIZATION_LEVEL = 0;
				GCC_PREPROCESSOR_DEFINITIONS = (
					"DEBUG=1",
					"$(inherited)",
				);
				GCC_WARN_64_TO_32_BIT_CONVERSION = YES;
				GCC_WARN_ABOUT_RETURN_TYPE = YES_ERROR;
				GCC_WARN_UNDECLARED_SELECTOR = YES;
				GCC_WARN_UNINITIALIZED_AUTOS = YES_AGGRESSIVE;
				GCC_WARN_UNUSED_FUNCTION = YES;
				GCC_WARN_UNUSED_VARIABLE = YES;
				MACOSX_DEPLOYMENT_TARGET = 11.0;
				MTL_ENABLE_DEBUG_INFO = INCLUDE_SOURCE;
				MTL_FAST_MATH = YES;
				ONLY_ACTIVE_ARCH = YES;
				SDKROOT = macosx;
				SWIFT_ACTIVE_COMPILATION_CONDITIONS = DEBUG;
				SWIFT_OPTIMIZATION_LEVEL = "-Onone";
			};
			name = Debug;
		};
		4A7A7D69255F34FE00F63B4F /* Release */ = {
			isa = XCBuildConfiguration;
			buildSettings = {
				ALWAYS_SEARCH_USER_PATHS = NO;
				CLANG_ANALYZER_NONNULL = YES;
				CLANG_ANALYZER_NUMBER_OBJECT_CONVERSION = YES_AGGRESSIVE;
				CLANG_CXX_LANGUAGE_STANDARD = "gnu++14";
				CLANG_CXX_LIBRARY = "libc++";
				CLANG_ENABLE_MODULES = YES;
				CLANG_ENABLE_OBJC_ARC = YES;
				CLANG_ENABLE_OBJC_WEAK = YES;
				CLANG_WARN_BLOCK_CAPTURE_AUTORELEASING = YES;
				CLANG_WARN_BOOL_CONVERSION = YES;
				CLANG_WARN_COMMA = YES;
				CLANG_WARN_CONSTANT_CONVERSION = YES;
				CLANG_WARN_DEPRECATED_OBJC_IMPLEMENTATIONS = YES;
				CLANG_WARN_DIRECT_OBJC_ISA_USAGE = YES_ERROR;
				CLANG_WARN_DOCUMENTATION_COMMENTS = YES;
				CLANG_WARN_EMPTY_BODY = YES;
				CLANG_WARN_ENUM_CONVERSION = YES;
				CLANG_WARN_INFINITE_RECURSION = YES;
				CLANG_WARN_INT_CONVERSION = YES;
				CLANG_WARN_NON_LITERAL_NULL_CONVERSION = YES;
				CLANG_WARN_OBJC_IMPLICIT_RETAIN_SELF = YES;
				CLANG_WARN_OBJC_LITERAL_CONVERSION = YES;
				CLANG_WARN_OBJC_ROOT_CLASS = YES_ERROR;
				CLANG_WARN_QUOTED_INCLUDE_IN_FRAMEWORK_HEADER = YES;
				CLANG_WARN_RANGE_LOOP_ANALYSIS = YES;
				CLANG_WARN_STRICT_PROTOTYPES = YES;
				CLANG_WARN_SUSPICIOUS_MOVE = YES;
				CLANG_WARN_UNGUARDED_AVAILABILITY = YES_AGGRESSIVE;
				CLANG_WARN_UNREACHABLE_CODE = YES;
				CLANG_WARN__DUPLICATE_METHOD_MATCH = YES;
				COPY_PHASE_STRIP = NO;
				DEBUG_INFORMATION_FORMAT = "dwarf-with-dsym";
				ENABLE_NS_ASSERTIONS = NO;
				ENABLE_STRICT_OBJC_MSGSEND = YES;
				GCC_C_LANGUAGE_STANDARD = gnu11;
				GCC_NO_COMMON_BLOCKS = YES;
				GCC_WARN_64_TO_32_BIT_CONVERSION = YES;
				GCC_WARN_ABOUT_RETURN_TYPE = YES_ERROR;
				GCC_WARN_UNDECLARED_SELECTOR = YES;
				GCC_WARN_UNINITIALIZED_AUTOS = YES_AGGRESSIVE;
				GCC_WARN_UNUSED_FUNCTION = YES;
				GCC_WARN_UNUSED_VARIABLE = YES;
				MACOSX_DEPLOYMENT_TARGET = 11.0;
				MTL_ENABLE_DEBUG_INFO = NO;
				MTL_FAST_MATH = YES;
				SDKROOT = macosx;
				SWIFT_COMPILATION_MODE = wholemodule;
				SWIFT_OPTIMIZATION_LEVEL = "-O";
			};
			name = Release;
		};
		4A7A7D6B255F34FE00F63B4F /* Debug */ = {
			isa = XCBuildConfiguration;
			buildSettings = {
				ASSETCATALOG_COMPILER_APPICON_NAME = AppIcon;
				ASSETCATALOG_COMPILER_GLOBAL_ACCENT_COLOR_NAME = AccentColor;
				CODE_SIGN_ENTITLEMENTS = Nyoom/Nyoom.entitlements;
				CODE_SIGN_IDENTITY = "-";
				CODE_SIGN_STYLE = Automatic;
				COMBINE_HIDPI_IMAGES = YES;
				CURRENT_PROJECT_VERSION = 8;
				ENABLE_HARDENED_RUNTIME = YES;
				INFOPLIST_FILE = Nyoom/Info.plist;
				LD_RUNPATH_SEARCH_PATHS = (
					"$(inherited)",
					"@executable_path/../Frameworks",
				);
				MACOSX_DEPLOYMENT_TARGET = 10.13;
				MARKETING_VERSION = 0.4;
				PRODUCT_BUNDLE_IDENTIFIER = dev.anli.zoomlauncher;
				PRODUCT_NAME = "$(TARGET_NAME)";
				SWIFT_VERSION = 5.0;
			};
			name = Debug;
		};
		4A7A7D6C255F34FE00F63B4F /* Release */ = {
			isa = XCBuildConfiguration;
			buildSettings = {
				ASSETCATALOG_COMPILER_APPICON_NAME = AppIcon;
				ASSETCATALOG_COMPILER_GLOBAL_ACCENT_COLOR_NAME = AccentColor;
				CODE_SIGN_ENTITLEMENTS = Nyoom/Nyoom.entitlements;
				CODE_SIGN_IDENTITY = "-";
				CODE_SIGN_STYLE = Automatic;
				COMBINE_HIDPI_IMAGES = YES;
				CURRENT_PROJECT_VERSION = 8;
				ENABLE_HARDENED_RUNTIME = YES;
				INFOPLIST_FILE = Nyoom/Info.plist;
				LD_RUNPATH_SEARCH_PATHS = (
					"$(inherited)",
					"@executable_path/../Frameworks",
				);
				MACOSX_DEPLOYMENT_TARGET = 10.13;
				MARKETING_VERSION = 0.4;
				PRODUCT_BUNDLE_IDENTIFIER = dev.anli.zoomlauncher;
				PRODUCT_NAME = "$(TARGET_NAME)";
				SWIFT_VERSION = 5.0;
			};
			name = Release;
		};
/* End XCBuildConfiguration section */

/* Begin XCConfigurationList section */
		4A7A7D55255F34FA00F63B4F /* Build configuration list for PBXProject "Nyoom" */ = {
			isa = XCConfigurationList;
			buildConfigurations = (
				4A7A7D68255F34FE00F63B4F /* Debug */,
				4A7A7D69255F34FE00F63B4F /* Release */,
			);
			defaultConfigurationIsVisible = 0;
			defaultConfigurationName = Release;
		};
		4A7A7D6A255F34FE00F63B4F /* Build configuration list for PBXNativeTarget "Nyoom" */ = {
			isa = XCConfigurationList;
			buildConfigurations = (
				4A7A7D6B255F34FE00F63B4F /* Debug */,
				4A7A7D6C255F34FE00F63B4F /* Release */,
			);
			defaultConfigurationIsVisible = 0;
			defaultConfigurationName = Release;
		};
/* End XCConfigurationList section */

/* Begin XCRemoteSwiftPackageReference section */
		4A4B590525926BBA00E466FB /* XCRemoteSwiftPackageReference "RxSwift" */ = {
			isa = XCRemoteSwiftPackageReference;
			repositoryURL = "https://github.com/ReactiveX/RxSwift.git";
			requirement = {
				kind = upToNextMajorVersion;
				minimumVersion = 5.1.1;
			};
		};
/* End XCRemoteSwiftPackageReference section */

/* Begin XCSwiftPackageProductDependency section */
		4A4B590A25926BD800E466FB /* RxCocoa */ = {
			isa = XCSwiftPackageProductDependency;
			package = 4A4B590525926BBA00E466FB /* XCRemoteSwiftPackageReference "RxSwift" */;
			productName = RxCocoa;
		};
		4A4B590C25926BD800E466FB /* RxRelay */ = {
			isa = XCSwiftPackageProductDependency;
			package = 4A4B590525926BBA00E466FB /* XCRemoteSwiftPackageReference "RxSwift" */;
			productName = RxRelay;
		};
		4A4B590E25926BD800E466FB /* RxSwift */ = {
			isa = XCSwiftPackageProductDependency;
			package = 4A4B590525926BBA00E466FB /* XCRemoteSwiftPackageReference "RxSwift" */;
			productName = RxSwift;
		};
		4A4B5911259270C100E466FB /* RxCocoa */ = {
			isa = XCSwiftPackageProductDependency;
			package = 4A4B590525926BBA00E466FB /* XCRemoteSwiftPackageReference "RxSwift" */;
			productName = RxCocoa;
		};
		4A4B5913259270C100E466FB /* RxRelay */ = {
			isa = XCSwiftPackageProductDependency;
			package = 4A4B590525926BBA00E466FB /* XCRemoteSwiftPackageReference "RxSwift" */;
			productName = RxRelay;
		};
		4A4B5915259270C100E466FB /* RxSwift */ = {
			isa = XCSwiftPackageProductDependency;
			package = 4A4B590525926BBA00E466FB /* XCRemoteSwiftPackageReference "RxSwift" */;
			productName = RxSwift;
		};
/* End XCSwiftPackageProductDependency section */
	};
	rootObject = 4A7A7D52255F34FA00F63B4F /* Project object */;
}
